// !$*UTF8*$!
{
	archiveVersion = 1;
	classes = {
	};
	objectVersion = 56;
	objects = {

/* Begin PBXBuildFile section */
		183394142AF249ED0006EB49 /* FlashCard_QuizApp.swift in Sources */ = {isa = PBXBuildFile; fileRef = 183394132AF249ED0006EB49 /* FlashCard_QuizApp.swift */; };
		183394162AF249ED0006EB49 /* ContentView.swift in Sources */ = {isa = PBXBuildFile; fileRef = 183394152AF249ED0006EB49 /* ContentView.swift */; };
		183394182AF249F00006EB49 /* Assets.xcassets in Resources */ = {isa = PBXBuildFile; fileRef = 183394172AF249F00006EB49 /* Assets.xcassets */; };
		1833941B2AF249F00006EB49 /* Preview Assets.xcassets in Resources */ = {isa = PBXBuildFile; fileRef = 1833941A2AF249F00006EB49 /* Preview Assets.xcassets */; };
		183394232AF2516C0006EB49 /* LetGoButton.swift in Sources */ = {isa = PBXBuildFile; fileRef = 183394222AF2516C0006EB49 /* LetGoButton.swift */; };
		185C97212AF2715800637791 /* Extensions.swift in Sources */ = {isa = PBXBuildFile; fileRef = 185C97202AF2715800637791 /* Extensions.swift */; };
		185C97232AF2769100637791 /* QuestionView.swift in Sources */ = {isa = PBXBuildFile; fileRef = 185C97222AF2769100637791 /* QuestionView.swift */; };
		185C97252AF27BD400637791 /* ProgressBar.swift in Sources */ = {isa = PBXBuildFile; fileRef = 185C97242AF27BD400637791 /* ProgressBar.swift */; };
		185C97282AF281D500637791 /* Answers.swift in Sources */ = {isa = PBXBuildFile; fileRef = 185C97272AF281D500637791 /* Answers.swift */; };
		185C972A2AF2830900637791 /* AnswerRow.swift in Sources */ = {isa = PBXBuildFile; fileRef = 185C97292AF2830900637791 /* AnswerRow.swift */; };
		18B22E1D2AF2BE9800182E0F /* FlashView.swift in Sources */ = {isa = PBXBuildFile; fileRef = 18B22E1C2AF2BE9800182E0F /* FlashView.swift */; };
		18B22E1F2AF2BFA500182E0F /* Trivia.swift in Sources */ = {isa = PBXBuildFile; fileRef = 18B22E1E2AF2BFA500182E0F /* Trivia.swift */; };
		18B22E212AF2C55D00182E0F /* TriviaManager.swift in Sources */ = {isa = PBXBuildFile; fileRef = 18B22E202AF2C55D00182E0F /* TriviaManager.swift */; };
/* End PBXBuildFile section */

/* Begin PBXFileReference section */
		183394102AF249ED0006EB49 /* FlashCard Quiz.app */ = {isa = PBXFileReference; explicitFileType = wrapper.application; includeInIndex = 0; path = "FlashCard Quiz.app"; sourceTree = BUILT_PRODUCTS_DIR; };
		183394132AF249ED0006EB49 /* FlashCard_QuizApp.swift */ = {isa = PBXFileReference; lastKnownFileType = sourcecode.swift; path = FlashCard_QuizApp.swift; sourceTree = "<group>"; };
		183394152AF249ED0006EB49 /* ContentView.swift */ = {isa = PBXFileReference; lastKnownFileType = sourcecode.swift; path = ContentView.swift; sourceTree = "<group>"; };
		183394172AF249F00006EB49 /* Assets.xcassets */ = {isa = PBXFileReference; lastKnownFileType = folder.assetcatalog; path = Assets.xcassets; sourceTree = "<group>"; };
		1833941A2AF249F00006EB49 /* Preview Assets.xcassets */ = {isa = PBXFileReference; lastKnownFileType = folder.assetcatalog; path = "Preview Assets.xcassets"; sourceTree = "<group>"; };
		183394222AF2516C0006EB49 /* LetGoButton.swift */ = {isa = PBXFileReference; lastKnownFileType = sourcecode.swift; path = LetGoButton.swift; sourceTree = "<group>"; };
		185C97202AF2715800637791 /* Extensions.swift */ = {isa = PBXFileReference; lastKnownFileType = sourcecode.swift; path = Extensions.swift; sourceTree = "<group>"; };
		185C97222AF2769100637791 /* QuestionView.swift */ = {isa = PBXFileReference; lastKnownFileType = sourcecode.swift; path = QuestionView.swift; sourceTree = "<group>"; };
		185C97242AF27BD400637791 /* ProgressBar.swift */ = {isa = PBXFileReference; lastKnownFileType = sourcecode.swift; path = ProgressBar.swift; sourceTree = "<group>"; };
		185C97272AF281D500637791 /* Answers.swift */ = {isa = PBXFileReference; lastKnownFileType = sourcecode.swift; path = Answers.swift; sourceTree = "<group>"; };
		185C97292AF2830900637791 /* AnswerRow.swift */ = {isa = PBXFileReference; lastKnownFileType = sourcecode.swift; path = AnswerRow.swift; sourceTree = "<group>"; };
		18B22E1C2AF2BE9800182E0F /* FlashView.swift */ = {isa = PBXFileReference; lastKnownFileType = sourcecode.swift; path = FlashView.swift; sourceTree = "<group>"; };
		18B22E1E2AF2BFA500182E0F /* Trivia.swift */ = {isa = PBXFileReference; lastKnownFileType = sourcecode.swift; path = Trivia.swift; sourceTree = "<group>"; };
		18B22E202AF2C55D00182E0F /* TriviaManager.swift */ = {isa = PBXFileReference; lastKnownFileType = sourcecode.swift; path = TriviaManager.swift; sourceTree = "<group>"; };
/* End PBXFileReference section */

/* Begin PBXFrameworksBuildPhase section */
		1833940D2AF249ED0006EB49 /* Frameworks */ = {
			isa = PBXFrameworksBuildPhase;
			buildActionMask = 2147483647;
			files = (
			);
			runOnlyForDeploymentPostprocessing = 0;
		};
/* End PBXFrameworksBuildPhase section */

/* Begin PBXGroup section */
		183394072AF249ED0006EB49 = {
			isa = PBXGroup;
			children = (
				183394122AF249ED0006EB49 /* FlashCard Quiz */,
				183394112AF249ED0006EB49 /* Products */,
			);
			sourceTree = "<group>";
		};
		183394112AF249ED0006EB49 /* Products */ = {
			isa = PBXGroup;
			children = (
				183394102AF249ED0006EB49 /* FlashCard Quiz.app */,
			);
			name = Products;
			sourceTree = "<group>";
		};
		183394122AF249ED0006EB49 /* FlashCard Quiz */ = {
			isa = PBXGroup;
			children = (
				183394132AF249ED0006EB49 /* FlashCard_QuizApp.swift */,
				185C97202AF2715800637791 /* Extensions.swift */,
				185C97262AF281BF00637791 /* Models */,
				183394242AF252A50006EB49 /* Views */,
				183394212AF250B30006EB49 /* Component */,
				183394172AF249F00006EB49 /* Assets.xcassets */,
				183394192AF249F00006EB49 /* Preview Content */,
				18B22E202AF2C55D00182E0F /* TriviaManager.swift */,
			);
			path = "FlashCard Quiz";
			sourceTree = "<group>";
		};
		183394192AF249F00006EB49 /* Preview Content */ = {
			isa = PBXGroup;
			children = (
				1833941A2AF249F00006EB49 /* Preview Assets.xcassets */,
			);
			path = "Preview Content";
			sourceTree = "<group>";
		};
		183394212AF250B30006EB49 /* Component */ = {
			isa = PBXGroup;
			children = (
				183394222AF2516C0006EB49 /* LetGoButton.swift */,
				185C97242AF27BD400637791 /* ProgressBar.swift */,
				185C97292AF2830900637791 /* AnswerRow.swift */,
			);
			path = Component;
			sourceTree = "<group>";
		};
		183394242AF252A50006EB49 /* Views */ = {
			isa = PBXGroup;
			children = (
				183394152AF249ED0006EB49 /* ContentView.swift */,
				185C97222AF2769100637791 /* QuestionView.swift */,
				18B22E1C2AF2BE9800182E0F /* FlashView.swift */,
			);
			path = Views;
			sourceTree = "<group>";
		};
		185C97262AF281BF00637791 /* Models */ = {
			isa = PBXGroup;
			children = (
				185C97272AF281D500637791 /* Answers.swift */,
				18B22E1E2AF2BFA500182E0F /* Trivia.swift */,
			);
			path = Models;
			sourceTree = "<group>";
		};
/* End PBXGroup section */

/* Begin PBXNativeTarget section */
		1833940F2AF249ED0006EB49 /* FlashCard Quiz */ = {
			isa = PBXNativeTarget;
			buildConfigurationList = 1833941E2AF249F00006EB49 /* Build configuration list for PBXNativeTarget "FlashCard Quiz" */;
			buildPhases = (
				1833940C2AF249ED0006EB49 /* Sources */,
				1833940D2AF249ED0006EB49 /* Frameworks */,
				1833940E2AF249ED0006EB49 /* Resources */,
			);
			buildRules = (
			);
			dependencies = (
			);
			name = "FlashCard Quiz";
			productName = "FlashCard Quiz";
			productReference = 183394102AF249ED0006EB49 /* FlashCard Quiz.app */;
			productType = "com.apple.product-type.application";
		};
/* End PBXNativeTarget section */

/* Begin PBXProject section */
		183394082AF249ED0006EB49 /* Project object */ = {
			isa = PBXProject;
			attributes = {
				BuildIndependentTargetsInParallel = 1;
				LastSwiftUpdateCheck = 1430;
				LastUpgradeCheck = 1430;
				TargetAttributes = {
					1833940F2AF249ED0006EB49 = {
						CreatedOnToolsVersion = 14.3.1;
					};
				};
			};
			buildConfigurationList = 1833940B2AF249ED0006EB49 /* Build configuration list for PBXProject "FlashCard Quiz" */;
			compatibilityVersion = "Xcode 14.0";
			developmentRegion = en;
			hasScannedForEncodings = 0;
			knownRegions = (
				en,
				Base,
			);
			mainGroup = 183394072AF249ED0006EB49;
			productRefGroup = 183394112AF249ED0006EB49 /* Products */;
			projectDirPath = "";
			projectRoot = "";
			targets = (
				1833940F2AF249ED0006EB49 /* FlashCard Quiz */,
			);
		};
/* End PBXProject section */

/* Begin PBXResourcesBuildPhase section */
		1833940E2AF249ED0006EB49 /* Resources */ = {
			isa = PBXResourcesBuildPhase;
			buildActionMask = 2147483647;
			files = (
				1833941B2AF249F00006EB49 /* Preview Assets.xcassets in Resources */,
				183394182AF249F00006EB49 /* Assets.xcassets in Resources */,
			);
			runOnlyForDeploymentPostprocessing = 0;
		};
/* End PBXResourcesBuildPhase section */

/* Begin PBXSourcesBuildPhase section */
		1833940C2AF249ED0006EB49 /* Sources */ = {
			isa = PBXSourcesBuildPhase;
			buildActionMask = 2147483647;
			files = (
				18B22E1F2AF2BFA500182E0F /* Trivia.swift in Sources */,
				185C97282AF281D500637791 /* Answers.swift in Sources */,
				185C97232AF2769100637791 /* QuestionView.swift in Sources */,
				185C972A2AF2830900637791 /* AnswerRow.swift in Sources */,
				183394232AF2516C0006EB49 /* LetGoButton.swift in Sources */,
				18B22E212AF2C55D00182E0F /* TriviaManager.swift in Sources */,
				183394162AF249ED0006EB49 /* ContentView.swift in Sources */,
				183394142AF249ED0006EB49 /* FlashCard_QuizApp.swift in Sources */,
				18B22E1D2AF2BE9800182E0F /* FlashView.swift in Sources */,
				185C97252AF27BD400637791 /* ProgressBar.swift in Sources */,
				185C97212AF2715800637791 /* Extensions.swift in Sources */,
			);
			runOnlyForDeploymentPostprocessing = 0;
		};
/* End PBXSourcesBuildPhase section */

/* Begin XCBuildConfiguration section */
		1833941C2AF249F00006EB49 /* Debug */ = {
			isa = XCBuildConfiguration;
			buildSettings = {
				ALWAYS_SEARCH_USER_PATHS = NO;
				CLANG_ANALYZER_NONNULL = YES;
				CLANG_ANALYZER_NUMBER_OBJECT_CONVERSION = YES_AGGRESSIVE;
				CLANG_CXX_LANGUAGE_STANDARD = "gnu++20";
				CLANG_ENABLE_MODULES = YES;
				CLANG_ENABLE_OBJC_ARC = YES;
				CLANG_ENABLE_OBJC_WEAK = YES;
				CLANG_WARN_BLOCK_CAPTURE_AUTORELEASING = YES;
				CLANG_WARN_BOOL_CONVERSION = YES;
				CLANG_WARN_COMMA = YES;
				CLANG_WARN_CONSTANT_CONVERSION = YES;
				CLANG_WARN_DEPRECATED_OBJC_IMPLEMENTATIONS = YES;
				CLANG_WARN_DIRECT_OBJC_ISA_USAGE = YES_ERROR;
				CLANG_WARN_DOCUMENTATION_COMMENTS = YES;
				CLANG_WARN_EMPTY_BODY = YES;
				CLANG_WARN_ENUM_CONVERSION = YES;
				CLANG_WARN_INFINITE_RECURSION = YES;
				CLANG_WARN_INT_CONVERSION = YES;
				CLANG_WARN_NON_LITERAL_NULL_CONVERSION = YES;
				CLANG_WARN_OBJC_IMPLICIT_RETAIN_SELF = YES;
				CLANG_WARN_OBJC_LITERAL_CONVERSION = YES;
				CLANG_WARN_OBJC_ROOT_CLASS = YES_ERROR;
				CLANG_WARN_QUOTED_INCLUDE_IN_FRAMEWORK_HEADER = YES;
				CLANG_WARN_RANGE_LOOP_ANALYSIS = YES;
				CLANG_WARN_STRICT_PROTOTYPES = YES;
				CLANG_WARN_SUSPICIOUS_MOVE = YES;
				CLANG_WARN_UNGUARDED_AVAILABILITY = YES_AGGRESSIVE;
				CLANG_WARN_UNREACHABLE_CODE = YES;
				CLANG_WARN__DUPLICATE_METHOD_MATCH = YES;
				COPY_PHASE_STRIP = NO;
				DEBUG_INFORMATION_FORMAT = dwarf;
				ENABLE_STRICT_OBJC_MSGSEND = YES;
				ENABLE_TESTABILITY = YES;
				GCC_C_LANGUAGE_STANDARD = gnu11;
				GCC_DYNAMIC_NO_PIC = NO;
				GCC_NO_COMMON_BLOCKS = YES;
				GCC_OPTIMIZATION_LEVEL = 0;
				GCC_PREPROCESSOR_DEFINITIONS = (
					"DEBUG=1",
					"$(inherited)",
				);
				GCC_WARN_64_TO_32_BIT_CONVERSION = YES;
				GCC_WARN_ABOUT_RETURN_TYPE = YES_ERROR;
				GCC_WARN_UNDECLARED_SELECTOR = YES;
				GCC_WARN_UNINITIALIZED_AUTOS = YES_AGGRESSIVE;
				GCC_WARN_UNUSED_FUNCTION = YES;
				GCC_WARN_UNUSED_VARIABLE = YES;
				IPHONEOS_DEPLOYMENT_TARGET = 16.4;
				MTL_ENABLE_DEBUG_INFO = INCLUDE_SOURCE;
				MTL_FAST_MATH = YES;
				ONLY_ACTIVE_ARCH = YES;
				SDKROOT = iphoneos;
				SWIFT_ACTIVE_COMPILATION_CONDITIONS = DEBUG;
				SWIFT_OPTIMIZATION_LEVEL = "-Onone";
			};
			name = Debug;
		};
		1833941D2AF249F00006EB49 /* Release */ = {
			isa = XCBuildConfiguration;
			buildSettings = {
				ALWAYS_SEARCH_USER_PATHS = NO;
				CLANG_ANALYZER_NONNULL = YES;
				CLANG_ANALYZER_NUMBER_OBJECT_CONVERSION = YES_AGGRESSIVE;
				CLANG_CXX_LANGUAGE_STANDARD = "gnu++20";
				CLANG_ENABLE_MODULES = YES;
				CLANG_ENABLE_OBJC_ARC = YES;
				CLANG_ENABLE_OBJC_WEAK = YES;
				CLANG_WARN_BLOCK_CAPTURE_AUTORELEASING = YES;
				CLANG_WARN_BOOL_CONVERSION = YES;
				CLANG_WARN_COMMA = YES;
				CLANG_WARN_CONSTANT_CONVERSION = YES;
				CLANG_WARN_DEPRECATED_OBJC_IMPLEMENTATIONS = YES;
				CLANG_WARN_DIRECT_OBJC_ISA_USAGE = YES_ERROR;
				CLANG_WARN_DOCUMENTATION_COMMENTS = YES;
				CLANG_WARN_EMPTY_BODY = YES;
				CLANG_WARN_ENUM_CONVERSION = YES;
				CLANG_WARN_INFINITE_RECURSION = YES;
				CLANG_WARN_INT_CONVERSION = YES;
				CLANG_WARN_NON_LITERAL_NULL_CONVERSION = YES;
				CLANG_WARN_OBJC_IMPLICIT_RETAIN_SELF = YES;
				CLANG_WARN_OBJC_LITERAL_CONVERSION = YES;
				CLANG_WARN_OBJC_ROOT_CLASS = YES_ERROR;
				CLANG_WARN_QUOTED_INCLUDE_IN_FRAMEWORK_HEADER = YES;
				CLANG_WARN_RANGE_LOOP_ANALYSIS = YES;
				CLANG_WARN_STRICT_PROTOTYPES = YES;
				CLANG_WARN_SUSPICIOUS_MOVE = YES;
				CLANG_WARN_UNGUARDED_AVAILABILITY = YES_AGGRESSIVE;
				CLANG_WARN_UNREACHABLE_CODE = YES;
				CLANG_WARN__DUPLICATE_METHOD_MATCH = YES;
				COPY_PHASE_STRIP = NO;
				DEBUG_INFORMATION_FORMAT = "dwarf-with-dsym";
				ENABLE_NS_ASSERTIONS = NO;
				ENABLE_STRICT_OBJC_MSGSEND = YES;
				GCC_C_LANGUAGE_STANDARD = gnu11;
				GCC_NO_COMMON_BLOCKS = YES;
				GCC_WARN_64_TO_32_BIT_CONVERSION = YES;
				GCC_WARN_ABOUT_RETURN_TYPE = YES_ERROR;
				GCC_WARN_UNDECLARED_SELECTOR = YES;
				GCC_WARN_UNINITIALIZED_AUTOS = YES_AGGRESSIVE;
				GCC_WARN_UNUSED_FUNCTION = YES;
				GCC_WARN_UNUSED_VARIABLE = YES;
				IPHONEOS_DEPLOYMENT_TARGET = 16.4;
				MTL_ENABLE_DEBUG_INFO = NO;
				MTL_FAST_MATH = YES;
				SDKROOT = iphoneos;
				SWIFT_COMPILATION_MODE = wholemodule;
				SWIFT_OPTIMIZATION_LEVEL = "-O";
				VALIDATE_PRODUCT = YES;
			};
			name = Release;
		};
		1833941F2AF249F00006EB49 /* Debug */ = {
			isa = XCBuildConfiguration;
			buildSettings = {
				ASSETCATALOG_COMPILER_APPICON_NAME = AppIcon;
				ASSETCATALOG_COMPILER_GLOBAL_ACCENT_COLOR_NAME = AccentColor;
				CODE_SIGN_STYLE = Automatic;
				CURRENT_PROJECT_VERSION = 1;
				DEVELOPMENT_ASSET_PATHS = "\"FlashCard Quiz/Preview Content\"";
				DEVELOPMENT_TEAM = 9872Q3S934;
				ENABLE_PREVIEWS = YES;
				GENERATE_INFOPLIST_FILE = YES;
				INFOPLIST_KEY_UIApplicationSceneManifest_Generation = YES;
				INFOPLIST_KEY_UIApplicationSupportsIndirectInputEvents = YES;
				INFOPLIST_KEY_UILaunchScreen_Generation = YES;
				INFOPLIST_KEY_UISupportedInterfaceOrientations_iPad = "UIInterfaceOrientationPortrait UIInterfaceOrientationPortraitUpsideDown UIInterfaceOrientationLandscapeLeft UIInterfaceOrientationLandscapeRight";
				INFOPLIST_KEY_UISupportedInterfaceOrientations_iPhone = "UIInterfaceOrientationPortrait UIInterfaceOrientationLandscapeLeft UIInterfaceOrientationLandscapeRight";
				LD_RUNPATH_SEARCH_PATHS = (
					"$(inherited)",
					"@executable_path/Frameworks",
				);
				MARKETING_VERSION = 1.0;
				PRODUCT_BUNDLE_IDENTIFIER = "com.codewithsaqib.FlashCard-Quiz";
				PRODUCT_NAME = "$(TARGET_NAME)";
				SWIFT_EMIT_LOC_STRINGS = YES;
				SWIFT_VERSION = 5.0;
				TARGETED_DEVICE_FAMILY = "1,2";
			};
			name = Debug;
		};
		183394202AF249F00006EB49 /* Release */ = {
			isa = XCBuildConfiguration;
			buildSettings = {
				ASSETCATALOG_COMPILER_APPICON_NAME = AppIcon;
				ASSETCATALOG_COMPILER_GLOBAL_ACCENT_COLOR_NAME = AccentColor;
				CODE_SIGN_STYLE = Automatic;
				CURRENT_PROJECT_VERSION = 1;
				DEVELOPMENT_ASSET_PATHS = "\"FlashCard Quiz/Preview Content\"";
				DEVELOPMENT_TEAM = 9872Q3S934;
				ENABLE_PREVIEWS = YES;
				GENERATE_INFOPLIST_FILE = YES;
				INFOPLIST_KEY_UIApplicationSceneManifest_Generation = YES;
				INFOPLIST_KEY_UIApplicationSupportsIndirectInputEvents = YES;
				INFOPLIST_KEY_UILaunchScreen_Generation = YES;
				INFOPLIST_KEY_UISupportedInterfaceOrientations_iPad = "UIInterfaceOrientationPortrait UIInterfaceOrientationPortraitUpsideDown UIInterfaceOrientationLandscapeLeft UIInterfaceOrientationLandscapeRight";
				INFOPLIST_KEY_UISupportedInterfaceOrientations_iPhone = "UIInterfaceOrientationPortrait UIInterfaceOrientationLandscapeLeft UIInterfaceOrientationLandscapeRight";
				LD_RUNPATH_SEARCH_PATHS = (
					"$(inherited)",
					"@executable_path/Frameworks",
				);
				MARKETING_VERSION = 1.0;
				PRODUCT_BUNDLE_IDENTIFIER = "com.codewithsaqib.FlashCard-Quiz";
				PRODUCT_NAME = "$(TARGET_NAME)";
				SWIFT_EMIT_LOC_STRINGS = YES;
				SWIFT_VERSION = 5.0;
				TARGETED_DEVICE_FAMILY = "1,2";
			};
			name = Release;
		};
/* End XCBuildConfiguration section */

/* Begin XCConfigurationList section */
		1833940B2AF249ED0006EB49 /* Build configuration list for PBXProject "FlashCard Quiz" */ = {
			isa = XCConfigurationList;
			buildConfigurations = (
				1833941C2AF249F00006EB49 /* Debug */,
				1833941D2AF249F00006EB49 /* Release */,
			);
			defaultConfigurationIsVisible = 0;
			defaultConfigurationName = Release;
		};
		1833941E2AF249F00006EB49 /* Build configuration list for PBXNativeTarget "FlashCard Quiz" */ = {
			isa = XCConfigurationList;
			buildConfigurations = (
				1833941F2AF249F00006EB49 /* Debug */,
				183394202AF249F00006EB49 /* Release */,
			);
			defaultConfigurationIsVisible = 0;
			defaultConfigurationName = Release;
		};
/* End XCConfigurationList section */
	};
	rootObject = 183394082AF249ED0006EB49 /* Project object */;
}
